{
  "name": "PAZAR",
  "lockfileVersion": 2,
  "requires": true,
  "packages": {
    "": {
      "dependencies": {
        "@react-md/icon": "^4.0.1"
      }
    },
    "node_modules/@juggle/resize-observer": {
      "version": "3.3.1",
      "resolved": "https://registry.npmjs.org/@juggle/resize-observer/-/resize-observer-3.3.1.tgz",
      "integrity": "sha512-zMM9Ds+SawiUkakS7y94Ymqx+S0ORzpG3frZirN3l+UlXUmSUR7hF4wxCVqW+ei94JzV5kt0uXBcoOEAuiydrw=="
    },
    "node_modules/@react-md/icon": {
      "version": "4.0.1",
      "resolved": "https://registry.npmjs.org/@react-md/icon/-/icon-4.0.1.tgz",
      "integrity": "sha512-qAwIGavxnIc+oibs8FT24XvhMBELtpMWPbY5ijSzUsblq3Rna0HPpNYayYSfXmGhXTyngM/WUGGF4cyVN5whiQ==",
      "dependencies": {
        "@react-md/theme": "^4.0.1",
        "@react-md/typography": "^4.0.1",
        "@react-md/utils": "^4.0.1",
        "classnames": "^2.3.1"
      },
      "peerDependencies": {
        "react": ">= 16.14"
      }
    },
    "node_modules/@react-md/theme": {
      "version": "4.0.1",
      "resolved": "https://registry.npmjs.org/@react-md/theme/-/theme-4.0.1.tgz",
      "integrity": "sha512-R4iM1aTOoUg1LQz1fr40lHL9Pn6S/eowKZrzcVXlqTXX2NKIyw/FQs/QKgRfFEAQsMowP6cQC5plwiP5B/9ZEg==",
      "dependencies": {
        "@react-md/utils": "^4.0.1"
      },
      "peerDependencies": {
        "react": ">= 16.14"
      }
    },
    "node_modules/@react-md/typography": {
      "version": "4.0.1",
      "resolved": "https://registry.npmjs.org/@react-md/typography/-/typography-4.0.1.tgz",
      "integrity": "sha512-bFnjgvFTBkJWZGtpwDx/gRt2zIbtH6oPXZ2l2bjt+Ml4ebMtut88vCatbOdUT2CHm7J4g0HuOh3Zk1PWr9+D/Q==",
      "dependencies": {
        "@react-md/theme": "^4.0.1",
        "@react-md/utils": "^4.0.1",
        "classnames": "^2.3.1"
      },
      "peerDependencies": {
        "react": ">= 16.14"
      }
    },
    "node_modules/@react-md/utils": {
      "version": "4.0.1",
      "resolved": "https://registry.npmjs.org/@react-md/utils/-/utils-4.0.1.tgz",
      "integrity": "sha512-3wpWfhfowkSqSX6RGvkzxCceqzywOVad/BirBso8Xb/vlutMnfvk5N8EIjw8rqXeuPAcqxLM0XDCSRgW5/A5FA==",
      "dependencies": {
        "@juggle/resize-observer": "^3.3.0",
        "classnames": "^2.3.1"
      }
    },
    "node_modules/classnames": {
      "version": "2.3.1",
      "resolved": "https://registry.npmjs.org/classnames/-/classnames-2.3.1.tgz",
      "integrity": "sha512-OlQdbZ7gLfGarSqxesMesDa5uz7KFbID8Kpq/SxIoNGDqY8lSYs0D+hhtBXhcdB3rcbXArFr7vlHheLk1voeNA=="
    },
    "node_modules/js-tokens": {
      "version": "4.0.0",
      "resolved": "https://registry.npmjs.org/js-tokens/-/js-tokens-4.0.0.tgz",
      "integrity": "sha512-RdJUflcE3cUzKiMqQgsCu06FPu9UdIJO0beYbPhHN4k6apgJtifcoCtT9bcxOpYBtpD2kCM6Sbzg4CausW/PKQ==",
      "peer": true
    },
    "node_modules/loose-envify": {
      "version": "1.4.0",
      "resolved": "https://registry.npmjs.org/loose-envify/-/loose-envify-1.4.0.tgz",
      "integrity": "sha512-lyuxPGr/Wfhrlem2CL/UcnUc1zcqKAImBDzukY7Y5F/yQiNdko6+fRLevlw1HgMySw7f611UIY408EtxRSoK3Q==",
      "peer": true,
      "dependencies": {
        "js-tokens": "^3.0.0 || ^4.0.0"
      },
      "bin": {
        "loose-envify": "cli.js"
      }
    },
    "node_modules/object-assign": {
      "version": "4.1.1",
      "resolved": "https://registry.npmjs.org/object-assign/-/object-assign-4.1.1.tgz",
      "integrity": "sha1-IQmtx5ZYh8/AXLvUQsrIv7s2CGM=",
      "peer": true,
      "engines": {
        "node": ">=0.10.0"
      }
    },
    "node_modules/react": {
      "version": "17.0.2",
      "resolved": "https://registry.npmjs.org/react/-/react-17.0.2.tgz",
      "integrity": "sha512-gnhPt75i/dq/z3/6q/0asP78D0u592D5L1pd7M8P+dck6Fu/jJeL6iVVK23fptSUZj8Vjf++7wXA8UNclGQcbA==",
      "peer": true,
      "dependencies": {
        "loose-envify": "^1.1.0",
        "object-assign": "^4.1.1"
      },
      "engines": {
        "node": ">=0.10.0"
      }
    }
  },
  "dependencies": {
    "@juggle/resize-observer": {
      "version": "3.3.1",
      "resolved": "https://registry.npmjs.org/@juggle/resize-observer/-/resize-observer-3.3.1.tgz",
      "integrity": "sha512-zMM9Ds+SawiUkakS7y94Ymqx+S0ORzpG3frZirN3l+UlXUmSUR7hF4wxCVqW+ei94JzV5kt0uXBcoOEAuiydrw=="
    },
    "@react-md/icon": {
      "version": "4.0.1",
      "resolved": "https://registry.npmjs.org/@react-md/icon/-/icon-4.0.1.tgz",
      "integrity": "sha512-qAwIGavxnIc+oibs8FT24XvhMBELtpMWPbY5ijSzUsblq3Rna0HPpNYayYSfXmGhXTyngM/WUGGF4cyVN5whiQ==",
      "requires": {
        "@react-md/theme": "^4.0.1",
        "@react-md/typography": "^4.0.1",
        "@react-md/utils": "^4.0.1",
        "classnames": "^2.3.1"
      }
    },
    "@react-md/theme": {
      "version": "4.0.1",
      "resolved": "https://registry.npmjs.org/@react-md/theme/-/theme-4.0.1.tgz",
      "integrity": "sha512-R4iM1aTOoUg1LQz1fr40lHL9Pn6S/eowKZrzcVXlqTXX2NKIyw/FQs/QKgRfFEAQsMowP6cQC5plwiP5B/9ZEg==",
      "requires": {
        "@react-md/utils": "^4.0.1"
      }
    },
    "@react-md/typography": {
      "version": "4.0.1",
      "resolved": "https://registry.npmjs.org/@react-md/typography/-/typography-4.0.1.tgz",
      "integrity": "sha512-bFnjgvFTBkJWZGtpwDx/gRt2zIbtH6oPXZ2l2bjt+Ml4ebMtut88vCatbOdUT2CHm7J4g0HuOh3Zk1PWr9+D/Q==",
      "requires": {
        "@react-md/theme": "^4.0.1",
        "@react-md/utils": "^4.0.1",
        "classnames": "^2.3.1"
      }
    },
    "@react-md/utils": {
      "version": "4.0.1",
      "resolved": "https://registry.npmjs.org/@react-md/utils/-/utils-4.0.1.tgz",
      "integrity": "sha512-3wpWfhfowkSqSX6RGvkzxCceqzywOVad/BirBso8Xb/vlutMnfvk5N8EIjw8rqXeuPAcqxLM0XDCSRgW5/A5FA==",
      "requires": {
        "@juggle/resize-observer": "^3.3.0",
        "classnames": "^2.3.1"
      }
    },
    "classnames": {
      "version": "2.3.1",
      "resolved": "https://registry.npmjs.org/classnames/-/classnames-2.3.1.tgz",
      "integrity": "sha512-OlQdbZ7gLfGarSqxesMesDa5uz7KFbID8Kpq/SxIoNGDqY8lSYs0D+hhtBXhcdB3rcbXArFr7vlHheLk1voeNA=="
    },
    "js-tokens": {
      "version": "4.0.0",
      "resolved": "https://registry.npmjs.org/js-tokens/-/js-tokens-4.0.0.tgz",
      "integrity": "sha512-RdJUflcE3cUzKiMqQgsCu06FPu9UdIJO0beYbPhHN4k6apgJtifcoCtT9bcxOpYBtpD2kCM6Sbzg4CausW/PKQ==",
      "peer": true
    },
    "loose-envify": {
      "version": "1.4.0",
      "resolved": "https://registry.npmjs.org/loose-envify/-/loose-envify-1.4.0.tgz",
      "integrity": "sha512-lyuxPGr/Wfhrlem2CL/UcnUc1zcqKAImBDzukY7Y5F/yQiNdko6+fRLevlw1HgMySw7f611UIY408EtxRSoK3Q==",
      "peer": true,
      "requires": {
        "js-tokens": "^3.0.0 || ^4.0.0"
      }
    },
    "object-assign": {
      "version": "4.1.1",
      "resolved": "https://registry.npmjs.org/object-assign/-/object-assign-4.1.1.tgz",
      "integrity": "sha1-IQmtx5ZYh8/AXLvUQsrIv7s2CGM=",
      "peer": true
    },
    "react": {
      "version": "17.0.2",
      "resolved": "https://registry.npmjs.org/react/-/react-17.0.2.tgz",
      "integrity": "sha512-gnhPt75i/dq/z3/6q/0asP78D0u592D5L1pd7M8P+dck6Fu/jJeL6iVVK23fptSUZj8Vjf++7wXA8UNclGQcbA==",
      "peer": true,
      "requires": {
        "loose-envify": "^1.1.0",
        "object-assign": "^4.1.1"
      }
    }
  }
}
